// !$*UTF8*$!
{
	archiveVersion = 1;
	classes = {
	};
	objectVersion = 46;
	objects = {

/* Begin PBXBuildFile section */
		4654F3261C66F89500D06F6A /* RegistrationViewController.swift in Sources */ = {isa = PBXBuildFile; fileRef = 4654F3251C66F89500D06F6A /* RegistrationViewController.swift */; };
		4654F3281C66FCF400D06F6A /* RegistrationViewControllerViewModel.swift in Sources */ = {isa = PBXBuildFile; fileRef = 4654F3271C66FCF400D06F6A /* RegistrationViewControllerViewModel.swift */; };
		4654F32A1C67073200D06F6A /* RegistrationViewControllerDefaultViewModel.swift in Sources */ = {isa = PBXBuildFile; fileRef = 4654F3291C67073200D06F6A /* RegistrationViewControllerDefaultViewModel.swift */; };
		4654F32C1C671C3000D06F6A /* RegistrationInputValidator.swift in Sources */ = {isa = PBXBuildFile; fileRef = 4654F32B1C671C3000D06F6A /* RegistrationInputValidator.swift */; };
		4656097D1C6933B400205B3A /* RegistrationViewControllerDefaultViewModelTests.swift in Sources */ = {isa = PBXBuildFile; fileRef = 4656097C1C6933B400205B3A /* RegistrationViewControllerDefaultViewModelTests.swift */; };
		46DA5C301C6510C200056C1B /* AppDelegate.swift in Sources */ = {isa = PBXBuildFile; fileRef = 46DA5C2F1C6510C200056C1B /* AppDelegate.swift */; };
		46DA5C351C6510C200056C1B /* Main.storyboard in Resources */ = {isa = PBXBuildFile; fileRef = 46DA5C331C6510C200056C1B /* Main.storyboard */; };
		46DA5C371C6510C200056C1B /* Assets.xcassets in Resources */ = {isa = PBXBuildFile; fileRef = 46DA5C361C6510C200056C1B /* Assets.xcassets */; };
		46DA5C3A1C6510C200056C1B /* LaunchScreen.storyboard in Resources */ = {isa = PBXBuildFile; fileRef = 46DA5C381C6510C200056C1B /* LaunchScreen.storyboard */; };
		46DA5C501C6510C200056C1B /* TestTestingProjectUITests.swift in Sources */ = {isa = PBXBuildFile; fileRef = 46DA5C4F1C6510C200056C1B /* TestTestingProjectUITests.swift */; };
/* End PBXBuildFile section */

/* Begin PBXContainerItemProxy section */
		46DA5C411C6510C200056C1B /* PBXContainerItemProxy */ = {
			isa = PBXContainerItemProxy;
			containerPortal = 46DA5C241C6510C200056C1B /* Project object */;
			proxyType = 1;
			remoteGlobalIDString = 46DA5C2B1C6510C200056C1B;
			remoteInfo = TestTestingProject;
		};
		46DA5C4C1C6510C200056C1B /* PBXContainerItemProxy */ = {
			isa = PBXContainerItemProxy;
			containerPortal = 46DA5C241C6510C200056C1B /* Project object */;
			proxyType = 1;
			remoteGlobalIDString = 46DA5C2B1C6510C200056C1B;
			remoteInfo = TestTestingProject;
		};
/* End PBXContainerItemProxy section */

/* Begin PBXFileReference section */
		4654F3251C66F89500D06F6A /* RegistrationViewController.swift */ = {isa = PBXFileReference; fileEncoding = 4; lastKnownFileType = sourcecode.swift; path = RegistrationViewController.swift; sourceTree = "<group>"; };
		4654F3271C66FCF400D06F6A /* RegistrationViewControllerViewModel.swift */ = {isa = PBXFileReference; fileEncoding = 4; lastKnownFileType = sourcecode.swift; path = RegistrationViewControllerViewModel.swift; sourceTree = "<group>"; };
		4654F3291C67073200D06F6A /* RegistrationViewControllerDefaultViewModel.swift */ = {isa = PBXFileReference; fileEncoding = 4; lastKnownFileType = sourcecode.swift; path = RegistrationViewControllerDefaultViewModel.swift; sourceTree = "<group>"; };
		4654F32B1C671C3000D06F6A /* RegistrationInputValidator.swift */ = {isa = PBXFileReference; fileEncoding = 4; lastKnownFileType = sourcecode.swift; path = RegistrationInputValidator.swift; sourceTree = "<group>"; };
		4656097C1C6933B400205B3A /* RegistrationViewControllerDefaultViewModelTests.swift */ = {isa = PBXFileReference; fileEncoding = 4; lastKnownFileType = sourcecode.swift; path = RegistrationViewControllerDefaultViewModelTests.swift; sourceTree = "<group>"; };
		46DA5C2C1C6510C200056C1B /* PureSwiftMVVM.app */ = {isa = PBXFileReference; explicitFileType = wrapper.application; includeInIndex = 0; path = PureSwiftMVVM.app; sourceTree = BUILT_PRODUCTS_DIR; };
		46DA5C2F1C6510C200056C1B /* AppDelegate.swift */ = {isa = PBXFileReference; lastKnownFileType = sourcecode.swift; path = AppDelegate.swift; sourceTree = "<group>"; };
		46DA5C341C6510C200056C1B /* Base */ = {isa = PBXFileReference; lastKnownFileType = file.storyboard; name = Base; path = Base.lproj/Main.storyboard; sourceTree = "<group>"; };
		46DA5C361C6510C200056C1B /* Assets.xcassets */ = {isa = PBXFileReference; lastKnownFileType = folder.assetcatalog; path = Assets.xcassets; sourceTree = "<group>"; };
		46DA5C391C6510C200056C1B /* Base */ = {isa = PBXFileReference; lastKnownFileType = file.storyboard; name = Base; path = Base.lproj/LaunchScreen.storyboard; sourceTree = "<group>"; };
		46DA5C3B1C6510C200056C1B /* Info.plist */ = {isa = PBXFileReference; lastKnownFileType = text.plist.xml; path = Info.plist; sourceTree = "<group>"; };
		46DA5C401C6510C200056C1B /* PureSwiftMVVM.xctest */ = {isa = PBXFileReference; explicitFileType = wrapper.cfbundle; includeInIndex = 0; path = PureSwiftMVVM.xctest; sourceTree = BUILT_PRODUCTS_DIR; };
		46DA5C461C6510C200056C1B /* Info.plist */ = {isa = PBXFileReference; lastKnownFileType = text.plist.xml; path = Info.plist; sourceTree = "<group>"; };
		46DA5C4B1C6510C200056C1B /* PureSwiftMVVM.xctest */ = {isa = PBXFileReference; explicitFileType = wrapper.cfbundle; includeInIndex = 0; path = PureSwiftMVVM.xctest; sourceTree = BUILT_PRODUCTS_DIR; };
		46DA5C4F1C6510C200056C1B /* TestTestingProjectUITests.swift */ = {isa = PBXFileReference; lastKnownFileType = sourcecode.swift; path = TestTestingProjectUITests.swift; sourceTree = "<group>"; };
		46DA5C511C6510C200056C1B /* Info.plist */ = {isa = PBXFileReference; lastKnownFileType = text.plist.xml; path = Info.plist; sourceTree = "<group>"; };
/* End PBXFileReference section */

/* Begin PBXFrameworksBuildPhase section */
		46DA5C291C6510C200056C1B /* Frameworks */ = {
			isa = PBXFrameworksBuildPhase;
			buildActionMask = 2147483647;
			files = (
			);
			runOnlyForDeploymentPostprocessing = 0;
		};
		46DA5C3D1C6510C200056C1B /* Frameworks */ = {
			isa = PBXFrameworksBuildPhase;
			buildActionMask = 2147483647;
			files = (
			);
			runOnlyForDeploymentPostprocessing = 0;
		};
		46DA5C481C6510C200056C1B /* Frameworks */ = {
			isa = PBXFrameworksBuildPhase;
			buildActionMask = 2147483647;
			files = (
			);
			runOnlyForDeploymentPostprocessing = 0;
		};
/* End PBXFrameworksBuildPhase section */

/* Begin PBXGroup section */
		46DA5C231C6510C200056C1B = {
			isa = PBXGroup;
			children = (
				46DA5C2E1C6510C200056C1B /* PureSwiftMVVM */,
				46DA5C431C6510C200056C1B /* PureSwiftMVVMTests */,
				46DA5C4E1C6510C200056C1B /* PureSwiftMVVMUITests */,
				46DA5C2D1C6510C200056C1B /* Products */,
			);
			sourceTree = "<group>";
		};
		46DA5C2D1C6510C200056C1B /* Products */ = {
			isa = PBXGroup;
			children = (
				46DA5C2C1C6510C200056C1B /* PureSwiftMVVM.app */,
				46DA5C401C6510C200056C1B /* PureSwiftMVVM.xctest */,
				46DA5C4B1C6510C200056C1B /* PureSwiftMVVM.xctest */,
			);
			name = Products;
			sourceTree = "<group>";
		};
		46DA5C2E1C6510C200056C1B /* PureSwiftMVVM */ = {
			isa = PBXGroup;
			children = (
				46DA5C2F1C6510C200056C1B /* AppDelegate.swift */,
				46DA5C331C6510C200056C1B /* Main.storyboard */,
				4654F3251C66F89500D06F6A /* RegistrationViewController.swift */,
				4654F3271C66FCF400D06F6A /* RegistrationViewControllerViewModel.swift */,
				4654F3291C67073200D06F6A /* RegistrationViewControllerDefaultViewModel.swift */,
				4654F32B1C671C3000D06F6A /* RegistrationInputValidator.swift */,
				46DA5C361C6510C200056C1B /* Assets.xcassets */,
				46DA5C381C6510C200056C1B /* LaunchScreen.storyboard */,
				46DA5C3B1C6510C200056C1B /* Info.plist */,
			);
			name = PureSwiftMVVM;
			path = TestTestingProject;
			sourceTree = "<group>";
		};
		46DA5C431C6510C200056C1B /* PureSwiftMVVMTests */ = {
			isa = PBXGroup;
			children = (
				4656097C1C6933B400205B3A /* RegistrationViewControllerDefaultViewModelTests.swift */,
				46DA5C461C6510C200056C1B /* Info.plist */,
			);
			name = PureSwiftMVVMTests;
			path = TestTestingProjectTests;
			sourceTree = "<group>";
		};
		46DA5C4E1C6510C200056C1B /* PureSwiftMVVMUITests */ = {
			isa = PBXGroup;
			children = (
				46DA5C4F1C6510C200056C1B /* TestTestingProjectUITests.swift */,
				46DA5C511C6510C200056C1B /* Info.plist */,
			);
			name = PureSwiftMVVMUITests;
			path = TestTestingProjectUITests;
			sourceTree = "<group>";
		};
/* End PBXGroup section */

/* Begin PBXNativeTarget section */
		46DA5C2B1C6510C200056C1B /* PureSwiftMVVM */ = {
			isa = PBXNativeTarget;
			buildConfigurationList = 46DA5C541C6510C200056C1B /* Build configuration list for PBXNativeTarget "PureSwiftMVVM" */;
			buildPhases = (
				46DA5C281C6510C200056C1B /* Sources */,
				46DA5C291C6510C200056C1B /* Frameworks */,
				46DA5C2A1C6510C200056C1B /* Resources */,
			);
			buildRules = (
			);
			dependencies = (
			);
			name = PureSwiftMVVM;
			productName = TestTestingProject;
			productReference = 46DA5C2C1C6510C200056C1B /* PureSwiftMVVM.app */;
			productType = "com.apple.product-type.application";
		};
		46DA5C3F1C6510C200056C1B /* PureSwiftMVVMTests */ = {
			isa = PBXNativeTarget;
			buildConfigurationList = 46DA5C571C6510C200056C1B /* Build configuration list for PBXNativeTarget "PureSwiftMVVMTests" */;
			buildPhases = (
				46DA5C3C1C6510C200056C1B /* Sources */,
				46DA5C3D1C6510C200056C1B /* Frameworks */,
				46DA5C3E1C6510C200056C1B /* Resources */,
			);
			buildRules = (
			);
			dependencies = (
				46DA5C421C6510C200056C1B /* PBXTargetDependency */,
			);
			name = PureSwiftMVVMTests;
			productName = TestTestingProjectTests;
			productReference = 46DA5C401C6510C200056C1B /* PureSwiftMVVM.xctest */;
			productType = "com.apple.product-type.bundle.unit-test";
		};
		46DA5C4A1C6510C200056C1B /* PureSwiftMVVMUITests */ = {
			isa = PBXNativeTarget;
			buildConfigurationList = 46DA5C5A1C6510C200056C1B /* Build configuration list for PBXNativeTarget "PureSwiftMVVMUITests" */;
			buildPhases = (
				46DA5C471C6510C200056C1B /* Sources */,
				46DA5C481C6510C200056C1B /* Frameworks */,
				46DA5C491C6510C200056C1B /* Resources */,
			);
			buildRules = (
			);
			dependencies = (
				46DA5C4D1C6510C200056C1B /* PBXTargetDependency */,
			);
			name = PureSwiftMVVMUITests;
			productName = TestTestingProjectUITests;
			productReference = 46DA5C4B1C6510C200056C1B /* PureSwiftMVVM.xctest */;
			productType = "com.apple.product-type.bundle.ui-testing";
		};
/* End PBXNativeTarget section */

/* Begin PBXProject section */
		46DA5C241C6510C200056C1B /* Project object */ = {
			isa = PBXProject;
			attributes = {
				LastSwiftUpdateCheck = 0720;
				LastUpgradeCheck = 0720;
				ORGANIZATIONNAME = "Mobile Defense";
				TargetAttributes = {
					46DA5C2B1C6510C200056C1B = {
						CreatedOnToolsVersion = 7.2;
					};
					46DA5C3F1C6510C200056C1B = {
						CreatedOnToolsVersion = 7.2;
						TestTargetID = 46DA5C2B1C6510C200056C1B;
					};
					46DA5C4A1C6510C200056C1B = {
						CreatedOnToolsVersion = 7.2;
						TestTargetID = 46DA5C2B1C6510C200056C1B;
					};
				};
			};
			buildConfigurationList = 46DA5C271C6510C200056C1B /* Build configuration list for PBXProject "PureSwiftMVVM" */;
			compatibilityVersion = "Xcode 3.2";
			developmentRegion = English;
			hasScannedForEncodings = 0;
			knownRegions = (
				en,
				Base,
			);
			mainGroup = 46DA5C231C6510C200056C1B;
			productRefGroup = 46DA5C2D1C6510C200056C1B /* Products */;
			projectDirPath = "";
			projectRoot = "";
			targets = (
				46DA5C2B1C6510C200056C1B /* PureSwiftMVVM */,
				46DA5C3F1C6510C200056C1B /* PureSwiftMVVMTests */,
				46DA5C4A1C6510C200056C1B /* PureSwiftMVVMUITests */,
			);
		};
/* End PBXProject section */

/* Begin PBXResourcesBuildPhase section */
		46DA5C2A1C6510C200056C1B /* Resources */ = {
			isa = PBXResourcesBuildPhase;
			buildActionMask = 2147483647;
			files = (
				46DA5C3A1C6510C200056C1B /* LaunchScreen.storyboard in Resources */,
				46DA5C371C6510C200056C1B /* Assets.xcassets in Resources */,
				46DA5C351C6510C200056C1B /* Main.storyboard in Resources */,
			);
			runOnlyForDeploymentPostprocessing = 0;
		};
		46DA5C3E1C6510C200056C1B /* Resources */ = {
			isa = PBXResourcesBuildPhase;
			buildActionMask = 2147483647;
			files = (
			);
			runOnlyForDeploymentPostprocessing = 0;
		};
		46DA5C491C6510C200056C1B /* Resources */ = {
			isa = PBXResourcesBuildPhase;
			buildActionMask = 2147483647;
			files = (
			);
			runOnlyForDeploymentPostprocessing = 0;
		};
/* End PBXResourcesBuildPhase section */

/* Begin PBXSourcesBuildPhase section */
		46DA5C281C6510C200056C1B /* Sources */ = {
			isa = PBXSourcesBuildPhase;
			buildActionMask = 2147483647;
			files = (
				4654F32C1C671C3000D06F6A /* RegistrationInputValidator.swift in Sources */,
				4654F3261C66F89500D06F6A /* RegistrationViewController.swift in Sources */,
				4654F3281C66FCF400D06F6A /* RegistrationViewControllerViewModel.swift in Sources */,
				4654F32A1C67073200D06F6A /* RegistrationViewControllerDefaultViewModel.swift in Sources */,
				46DA5C301C6510C200056C1B /* AppDelegate.swift in Sources */,
			);
			runOnlyForDeploymentPostprocessing = 0;
		};
		46DA5C3C1C6510C200056C1B /* Sources */ = {
			isa = PBXSourcesBuildPhase;
			buildActionMask = 2147483647;
			files = (
				4656097D1C6933B400205B3A /* RegistrationViewControllerDefaultViewModelTests.swift in Sources */,
			);
			runOnlyForDeploymentPostprocessing = 0;
		};
		46DA5C471C6510C200056C1B /* Sources */ = {
			isa = PBXSourcesBuildPhase;
			buildActionMask = 2147483647;
			files = (
				46DA5C501C6510C200056C1B /* TestTestingProjectUITests.swift in Sources */,
			);
			runOnlyForDeploymentPostprocessing = 0;
		};
/* End PBXSourcesBuildPhase section */

/* Begin PBXTargetDependency section */
		46DA5C421C6510C200056C1B /* PBXTargetDependency */ = {
			isa = PBXTargetDependency;
			target = 46DA5C2B1C6510C200056C1B /* PureSwiftMVVM */;
			targetProxy = 46DA5C411C6510C200056C1B /* PBXContainerItemProxy */;
		};
		46DA5C4D1C6510C200056C1B /* PBXTargetDependency */ = {
			isa = PBXTargetDependency;
			target = 46DA5C2B1C6510C200056C1B /* PureSwiftMVVM */;
			targetProxy = 46DA5C4C1C6510C200056C1B /* PBXContainerItemProxy */;
		};
/* End PBXTargetDependency section */

/* Begin PBXVariantGroup section */
		46DA5C331C6510C200056C1B /* Main.storyboard */ = {
			isa = PBXVariantGroup;
			children = (
				46DA5C341C6510C200056C1B /* Base */,
			);
			name = Main.storyboard;
			sourceTree = "<group>";
		};
		46DA5C381C6510C200056C1B /* LaunchScreen.storyboard */ = {
			isa = PBXVariantGroup;
			children = (
				46DA5C391C6510C200056C1B /* Base */,
			);
			name = LaunchScreen.storyboard;
			sourceTree = "<group>";
		};
/* End PBXVariantGroup section */

/* Begin XCBuildConfiguration section */
		46DA5C521C6510C200056C1B /* Debug */ = {
			isa = XCBuildConfiguration;
			buildSettings = {
				ALWAYS_SEARCH_USER_PATHS = NO;
				CLANG_CXX_LANGUAGE_STANDARD = "gnu++0x";
				CLANG_CXX_LIBRARY = "libc++";
				CLANG_ENABLE_MODULES = YES;
				CLANG_ENABLE_OBJC_ARC = YES;
				CLANG_WARN_BOOL_CONVERSION = YES;
				CLANG_WARN_CONSTANT_CONVERSION = YES;
				CLANG_WARN_DIRECT_OBJC_ISA_USAGE = YES_ERROR;
				CLANG_WARN_EMPTY_BODY = YES;
				CLANG_WARN_ENUM_CONVERSION = YES;
				CLANG_WARN_INT_CONVERSION = YES;
				CLANG_WARN_OBJC_ROOT_CLASS = YES_ERROR;
				CLANG_WARN_UNREACHABLE_CODE = YES;
				CLANG_WARN__DUPLICATE_METHOD_MATCH = YES;
				"CODE_SIGN_IDENTITY[sdk=iphoneos*]" = "iPhone Developer";
				COPY_PHASE_STRIP = NO;
				DEBUG_INFORMATION_FORMAT = dwarf;
				ENABLE_STRICT_OBJC_MSGSEND = YES;
				ENABLE_TESTABILITY = YES;
				GCC_C_LANGUAGE_STANDARD = gnu99;
				GCC_DYNAMIC_NO_PIC = NO;
				GCC_NO_COMMON_BLOCKS = YES;
				GCC_OPTIMIZATION_LEVEL = 0;
				GCC_PREPROCESSOR_DEFINITIONS = (
					"DEBUG=1",
					"$(inherited)",
				);
				GCC_WARN_64_TO_32_BIT_CONVERSION = YES;
				GCC_WARN_ABOUT_RETURN_TYPE = YES_ERROR;
				GCC_WARN_UNDECLARED_SELECTOR = YES;
				GCC_WARN_UNINITIALIZED_AUTOS = YES_AGGRESSIVE;
				GCC_WARN_UNUSED_FUNCTION = YES;
				GCC_WARN_UNUSED_VARIABLE = YES;
				IPHONEOS_DEPLOYMENT_TARGET = 9.2;
				MTL_ENABLE_DEBUG_INFO = YES;
				ONLY_ACTIVE_ARCH = YES;
				SDKROOT = iphoneos;
				SWIFT_OPTIMIZATION_LEVEL = "-Onone";
			};
			name = Debug;
		};
		46DA5C531C6510C200056C1B /* Release */ = {
			isa = XCBuildConfiguration;
			buildSettings = {
				ALWAYS_SEARCH_USER_PATHS = NO;
				CLANG_CXX_LANGUAGE_STANDARD = "gnu++0x";
				CLANG_CXX_LIBRARY = "libc++";
				CLANG_ENABLE_MODULES = YES;
				CLANG_ENABLE_OBJC_ARC = YES;
				CLANG_WARN_BOOL_CONVERSION = YES;
				CLANG_WARN_CONSTANT_CONVERSION = YES;
				CLANG_WARN_DIRECT_OBJC_ISA_USAGE = YES_ERROR;
				CLANG_WARN_EMPTY_BODY = YES;
				CLANG_WARN_ENUM_CONVERSION = YES;
				CLANG_WARN_INT_CONVERSION = YES;
				CLANG_WARN_OBJC_ROOT_CLASS = YES_ERROR;
				CLANG_WARN_UNREACHABLE_CODE = YES;
				CLANG_WARN__DUPLICATE_METHOD_MATCH = YES;
				"CODE_SIGN_IDENTITY[sdk=iphoneos*]" = "iPhone Developer";
				COPY_PHASE_STRIP = NO;
				DEBUG_INFORMATION_FORMAT = "dwarf-with-dsym";
				ENABLE_NS_ASSERTIONS = NO;
				ENABLE_STRICT_OBJC_MSGSEND = YES;
				GCC_C_LANGUAGE_STANDARD = gnu99;
				GCC_NO_COMMON_BLOCKS = YES;
				GCC_WARN_64_TO_32_BIT_CONVERSION = YES;
				GCC_WARN_ABOUT_RETURN_TYPE = YES_ERROR;
				GCC_WARN_UNDECLARED_SELECTOR = YES;
				GCC_WARN_UNINITIALIZED_AUTOS = YES_AGGRESSIVE;
				GCC_WARN_UNUSED_FUNCTION = YES;
				GCC_WARN_UNUSED_VARIABLE = YES;
				IPHONEOS_DEPLOYMENT_TARGET = 9.2;
				MTL_ENABLE_DEBUG_INFO = NO;
				SDKROOT = iphoneos;
				VALIDATE_PRODUCT = YES;
			};
			name = Release;
		};
		46DA5C551C6510C200056C1B /* Debug */ = {
			isa = XCBuildConfiguration;
			buildSettings = {
				ASSETCATALOG_COMPILER_APPICON_NAME = AppIcon;
				INFOPLIST_FILE = TestTestingProject/Info.plist;
				LD_RUNPATH_SEARCH_PATHS = "$(inherited) @executable_path/Frameworks";
				PRODUCT_BUNDLE_IDENTIFIER = com.mobiledefense.MobileDefense.TestTestingProject;
				PRODUCT_NAME = PureSwiftMVVM;
			};
			name = Debug;
		};
		46DA5C561C6510C200056C1B /* Release */ = {
			isa = XCBuildConfiguration;
			buildSettings = {
				ASSETCATALOG_COMPILER_APPICON_NAME = AppIcon;
				INFOPLIST_FILE = TestTestingProject/Info.plist;
				LD_RUNPATH_SEARCH_PATHS = "$(inherited) @executable_path/Frameworks";
				PRODUCT_BUNDLE_IDENTIFIER = com.mobiledefense.MobileDefense.TestTestingProject;
				PRODUCT_NAME = PureSwiftMVVM;
			};
			name = Release;
		};
		46DA5C581C6510C200056C1B /* Debug */ = {
			isa = XCBuildConfiguration;
			buildSettings = {
				BUNDLE_LOADER = "$(TEST_HOST)";
				INFOPLIST_FILE = TestTestingProjectTests/Info.plist;
				LD_RUNPATH_SEARCH_PATHS = "$(inherited) @executable_path/Frameworks @loader_path/Frameworks";
				PRODUCT_BUNDLE_IDENTIFIER = com.mobiledefense.MobileDefense.TestTestingProjectTests;
				PRODUCT_NAME = PureSwiftMVVM;
				TEST_HOST = "$(BUILT_PRODUCTS_DIR)/PureSwiftMVVM.app/PureSwiftMVVM";
			};
			name = Debug;
		};
		46DA5C591C6510C200056C1B /* Release */ = {
			isa = XCBuildConfiguration;
			buildSettings = {
				BUNDLE_LOADER = "$(TEST_HOST)";
				INFOPLIST_FILE = TestTestingProjectTests/Info.plist;
				LD_RUNPATH_SEARCH_PATHS = "$(inherited) @executable_path/Frameworks @loader_path/Frameworks";
				PRODUCT_BUNDLE_IDENTIFIER = com.mobiledefense.MobileDefense.TestTestingProjectTests;
				PRODUCT_NAME = PureSwiftMVVM;
				TEST_HOST = "$(BUILT_PRODUCTS_DIR)/PureSwiftMVVM.app/PureSwiftMVVM";
			};
			name = Release;
		};
		46DA5C5B1C6510C200056C1B /* Debug */ = {
			isa = XCBuildConfiguration;
			buildSettings = {
				INFOPLIST_FILE = TestTestingProjectUITests/Info.plist;
				LD_RUNPATH_SEARCH_PATHS = "$(inherited) @executable_path/Frameworks @loader_path/Frameworks";
				PRODUCT_BUNDLE_IDENTIFIER = com.mobiledefense.MobileDefense.TestTestingProjectUITests;
				PRODUCT_NAME = PureSwiftMVVM;
				TEST_TARGET_NAME = TestTestingProject;
				USES_XCTRUNNER = YES;
			};
			name = Debug;
		};
		46DA5C5C1C6510C200056C1B /* Release */ = {
			isa = XCBuildConfiguration;
			buildSettings = {
				INFOPLIST_FILE = TestTestingProjectUITests/Info.plist;
				LD_RUNPATH_SEARCH_PATHS = "$(inherited) @executable_path/Frameworks @loader_path/Frameworks";
				PRODUCT_BUNDLE_IDENTIFIER = com.mobiledefense.MobileDefense.TestTestingProjectUITests;
				PRODUCT_NAME = PureSwiftMVVM;
				TEST_TARGET_NAME = TestTestingProject;
				USES_XCTRUNNER = YES;
			};
			name = Release;
		};
/* End XCBuildConfiguration section */

/* Begin XCConfigurationList section */
		46DA5C271C6510C200056C1B /* Build configuration list for PBXProject "PureSwiftMVVM" */ = {
			isa = XCConfigurationList;
			buildConfigurations = (
				46DA5C521C6510C200056C1B /* Debug */,
				46DA5C531C6510C200056C1B /* Release */,
			);
			defaultConfigurationIsVisible = 0;
			defaultConfigurationName = Release;
		};
		46DA5C541C6510C200056C1B /* Build configuration list for PBXNativeTarget "PureSwiftMVVM" */ = {
			isa = XCConfigurationList;
			buildConfigurations = (
				46DA5C551C6510C200056C1B /* Debug */,
				46DA5C561C6510C200056C1B /* Release */,
			);
			defaultConfigurationIsVisible = 0;
			defaultConfigurationName = Release;
		};
		46DA5C571C6510C200056C1B /* Build configuration list for PBXNativeTarget "PureSwiftMVVMTests" */ = {
			isa = XCConfigurationList;
			buildConfigurations = (
				46DA5C581C6510C200056C1B /* Debug */,
				46DA5C591C6510C200056C1B /* Release */,
			);
			defaultConfigurationIsVisible = 0;
			defaultConfigurationName = Release;
		};
		46DA5C5A1C6510C200056C1B /* Build configuration list for PBXNativeTarget "PureSwiftMVVMUITests" */ = {
			isa = XCConfigurationList;
			buildConfigurations = (
				46DA5C5B1C6510C200056C1B /* Debug */,
				46DA5C5C1C6510C200056C1B /* Release */,
			);
			defaultConfigurationIsVisible = 0;
			defaultConfigurationName = Release;
		};
/* End XCConfigurationList section */
	};
	rootObject = 46DA5C241C6510C200056C1B /* Project object */;
}
